
Microsoft Visual Studio Solution File, Format Version 12.00
# Visual Studio Version 17
VisualStudioVersion = 17.9.34723.18
MinimumVisualStudioVersion = 10.0.40219.1
Project("{9A19103F-16F7-4668-BE54-9A1E7A4F7556}") = "FolderSyncronization", "FolderSyncronization_Veeam\FolderSyncronization.csproj", "{8DBC3F76-BA5A-44DA-A7BA-B3735B183B08}"
EndProject
Global
	GlobalSection(SolutionConfigurationPlatforms) = preSolution
		Debug|Any CPU = Debug|Any CPU
		Release|Any CPU = Release|Any CPU
	EndGlobalSection
	GlobalSection(ProjectConfigurationPlatforms) = postSolution
		{8DBC3F76-BA5A-44DA-A7BA-B3735B183B08}.Debug|Any CPU.ActiveCfg = Debug|Any CPU
		{8DBC3F76-BA5A-44DA-A7BA-B3735B183B08}.Debug|Any CPU.Build.0 = Debug|Any CPU
		{8DBC3F76-BA5A-44DA-A7BA-B3735B183B08}.Release|Any CPU.ActiveCfg = Release|Any CPU
		{8DBC3F76-BA5A-44DA-A7BA-B3735B183B08}.Release|Any CPU.Build.0 = Release|Any CPU
	EndGlobalSection
	GlobalSection(SolutionProperties) = preSolution
		HideSolutionNode = FALSE
	EndGlobalSection
	GlobalSection(ExtensibilityGlobals) = postSolution
		SolutionGuid = {EEE0BB74-F7E5-4912-B697-249647F3CD1C}
	EndGlobalSection
EndGlobal
